
Microsoft Visual Studio Solution File, Format Version 12.00
Project("{FAE04EC0-301F-11D3-BF4B-00C04F79EFBC}") = "TetrEnvironment", "TetrEnvironment\TetrEnvironment.csproj", "{CE063F9E-3C23-4F10-9B2A-10948FC70CE2}"
EndProject
Project("{FAE04EC0-301F-11D3-BF4B-00C04F79EFBC}") = "TetrLoader", "..\TetrLoader\TetrLoader\TetrLoader.csproj", "{534D7232-ED0F-4A02-A3DA-1729953CA8DD}"
EndProject
Project("{FAE04EC0-301F-11D3-BF4B-00C04F79EFBC}") = "SampleConsole", "SampleConsole\SampleConsole.csproj", "{E68D58CE-CB82-44E4-8E7F-1AB6EEE65891}"
EndProject
Global
	GlobalSection(SolutionConfigurationPlatforms) = preSolution
		Debug|Any CPU = Debug|Any CPU
		Release|Any CPU = Release|Any CPU
	EndGlobalSection
	GlobalSection(ProjectConfigurationPlatforms) = postSolution
		{CE063F9E-3C23-4F10-9B2A-10948FC70CE2}.Debug|Any CPU.ActiveCfg = Debug|Any CPU
		{CE063F9E-3C23-4F10-9B2A-10948FC70CE2}.Debug|Any CPU.Build.0 = Debug|Any CPU
		{CE063F9E-3C23-4F10-9B2A-10948FC70CE2}.Release|Any CPU.ActiveCfg = Release|Any CPU
		{CE063F9E-3C23-4F10-9B2A-10948FC70CE2}.Release|Any CPU.Build.0 = Release|Any CPU
		{534D7232-ED0F-4A02-A3DA-1729953CA8DD}.Debug|Any CPU.ActiveCfg = Debug|Any CPU
		{534D7232-ED0F-4A02-A3DA-1729953CA8DD}.Debug|Any CPU.Build.0 = Debug|Any CPU
		{534D7232-ED0F-4A02-A3DA-1729953CA8DD}.Release|Any CPU.ActiveCfg = Release|Any CPU
		{534D7232-ED0F-4A02-A3DA-1729953CA8DD}.Release|Any CPU.Build.0 = Release|Any CPU
		{E68D58CE-CB82-44E4-8E7F-1AB6EEE65891}.Debug|Any CPU.ActiveCfg = Debug|Any CPU
		{E68D58CE-CB82-44E4-8E7F-1AB6EEE65891}.Debug|Any CPU.Build.0 = Debug|Any CPU
		{E68D58CE-CB82-44E4-8E7F-1AB6EEE65891}.Release|Any CPU.ActiveCfg = Release|Any CPU
		{E68D58CE-CB82-44E4-8E7F-1AB6EEE65891}.Release|Any CPU.Build.0 = Release|Any CPU
	EndGlobalSection
EndGlobal
